
Microsoft Visual Studio Solution File, Format Version 12.00
# Visual Studio Version 17
VisualStudioVersion = 17.13.35913.81 d17.13
MinimumVisualStudioVersion = 10.0.40219.1
Project("{FAE04EC0-301F-11D3-BF4B-00C04F79EFBC}") = "Tango.RBAC", "Tango.RBAC\Tango.RBAC.csproj", "{47ECEE78-A81B-41BD-92E6-48316AAA9D58}"
EndProject
Project("{FAE04EC0-301F-11D3-BF4B-00C04F79EFBC}") = "RbacDemoApp", "RbacDemoApp\RbacDemoApp.csproj", "{F06E2D16-4B43-4FC0-B698-536CFFD96A87}"
EndProject
Global
	GlobalSection(SolutionConfigurationPlatforms) = preSolution
		Debug|Any CPU = Debug|Any CPU
		Release|Any CPU = Release|Any CPU
	EndGlobalSection
	GlobalSection(ProjectConfigurationPlatforms) = postSolution
		{47ECEE78-A81B-41BD-92E6-48316AAA9D58}.Debug|Any CPU.ActiveCfg = Debug|Any CPU
		{47ECEE78-A81B-41BD-92E6-48316AAA9D58}.Debug|Any CPU.Build.0 = Debug|Any CPU
		{47ECEE78-A81B-41BD-92E6-48316AAA9D58}.Release|Any CPU.ActiveCfg = Release|Any CPU
		{47ECEE78-A81B-41BD-92E6-48316AAA9D58}.Release|Any CPU.Build.0 = Release|Any CPU
		{F06E2D16-4B43-4FC0-B698-536CFFD96A87}.Debug|Any CPU.ActiveCfg = Debug|Any CPU
		{F06E2D16-4B43-4FC0-B698-536CFFD96A87}.Debug|Any CPU.Build.0 = Debug|Any CPU
		{F06E2D16-4B43-4FC0-B698-536CFFD96A87}.Release|Any CPU.ActiveCfg = Release|Any CPU
		{F06E2D16-4B43-4FC0-B698-536CFFD96A87}.Release|Any CPU.Build.0 = Release|Any CPU
	EndGlobalSection
	GlobalSection(SolutionProperties) = preSolution
		HideSolutionNode = FALSE
	EndGlobalSection
	GlobalSection(ExtensibilityGlobals) = postSolution
		SolutionGuid = {8191F6BE-279B-4ED4-8CB5-06A6129593B3}
	EndGlobalSection
EndGlobal
